
Microsoft Visual Studio Solution File, Format Version 12.00
# Visual Studio 15
VisualStudioVersion = 15.0.28307.1231
MinimumVisualStudioVersion = 10.0.40219.1
Project("{FAE04EC0-301F-11D3-BF4B-00C04F79EFBC}") = "NetworkSecurity", "NetworkSecurity\NetworkSecurity.csproj", "{C549C098-5361-4DEA-8C1D-6AEB5DF97954}"
EndProject
Global
	GlobalSection(SolutionConfigurationPlatforms) = preSolution
		Debug|Any CPU = Debug|Any CPU
		Release|Any CPU = Release|Any CPU
	EndGlobalSection
	GlobalSection(ProjectConfigurationPlatforms) = postSolution
		{C549C098-5361-4DEA-8C1D-6AEB5DF97954}.Debug|Any CPU.ActiveCfg = Debug|Any CPU
		{C549C098-5361-4DEA-8C1D-6AEB5DF97954}.Debug|Any CPU.Build.0 = Debug|Any CPU
		{C549C098-5361-4DEA-8C1D-6AEB5DF97954}.Release|Any CPU.ActiveCfg = Release|Any CPU
		{C549C098-5361-4DEA-8C1D-6AEB5DF97954}.Release|Any CPU.Build.0 = Release|Any CPU
	EndGlobalSection
	GlobalSection(SolutionProperties) = preSolution
		HideSolutionNode = FALSE
	EndGlobalSection
	GlobalSection(ExtensibilityGlobals) = postSolution
		SolutionGuid = {05939D93-2C91-474B-B51D-8EF2F9A80A94}
	EndGlobalSection
EndGlobal
